
Microsoft Visual Studio Solution File, Format Version 12.00
# Visual Studio Version 17
VisualStudioVersion = 17.14.37012.4 d17.14
MinimumVisualStudioVersion = 10.0.40219.1
Project("{FAE04EC0-301F-11D3-BF4B-00C04F79EFBC}") = "evidence_knih", "evidence_knih\evidence_knih.csproj", "{A90BAC9B-1912-4CC6-838D-1C3E22F2D528}"
EndProject
Global
	GlobalSection(SolutionConfigurationPlatforms) = preSolution
		Debug|Any CPU = Debug|Any CPU
		Release|Any CPU = Release|Any CPU
	EndGlobalSection
	GlobalSection(ProjectConfigurationPlatforms) = postSolution
		{A90BAC9B-1912-4CC6-838D-1C3E22F2D528}.Debug|Any CPU.ActiveCfg = Debug|Any CPU
		{A90BAC9B-1912-4CC6-838D-1C3E22F2D528}.Debug|Any CPU.Build.0 = Debug|Any CPU
		{A90BAC9B-1912-4CC6-838D-1C3E22F2D528}.Release|Any CPU.ActiveCfg = Release|Any CPU
		{A90BAC9B-1912-4CC6-838D-1C3E22F2D528}.Release|Any CPU.Build.0 = Release|Any CPU
	EndGlobalSection
	GlobalSection(SolutionProperties) = preSolution
		HideSolutionNode = FALSE
	EndGlobalSection
	GlobalSection(ExtensibilityGlobals) = postSolution
		SolutionGuid = {E737764C-17CC-4E30-A81E-DBAEADEABE8E}
	EndGlobalSection
EndGlobal
